
Microsoft Visual Studio Solution File, Format Version 12.00
# Visual Studio Version 16
VisualStudioVersion = 16.0.32002.261
MinimumVisualStudioVersion = 10.0.40219.1
Project("{888888A0-9F3D-457C-B088-3A5042F75D52}") = "Old_tuniplan_gui", "Old_tuniplan_gui\Old_tuniplan_gui.pyproj", "{639CB970-2467-431E-AD88-7EAF070B9B7E}"
EndProject
Global
	GlobalSection(SolutionConfigurationPlatforms) = preSolution
		Debug|Any CPU = Debug|Any CPU
		Release|Any CPU = Release|Any CPU
	EndGlobalSection
	GlobalSection(ProjectConfigurationPlatforms) = postSolution
		{639CB970-2467-431E-AD88-7EAF070B9B7E}.Debug|Any CPU.ActiveCfg = Debug|Any CPU
		{639CB970-2467-431E-AD88-7EAF070B9B7E}.Release|Any CPU.ActiveCfg = Release|Any CPU
	EndGlobalSection
	GlobalSection(SolutionProperties) = preSolution
		HideSolutionNode = FALSE
	EndGlobalSection
	GlobalSection(ExtensibilityGlobals) = postSolution
		SolutionGuid = {4322ED65-3216-4183-A79F-E3D0F64DA6D8}
	EndGlobalSection
EndGlobal
